
Microsoft Visual Studio Solution File, Format Version 12.00
# Visual Studio Version 16
VisualStudioVersion = 16.0.30907.101
MinimumVisualStudioVersion = 10.0.40219.1
Project("{FAE04EC0-301F-11D3-BF4B-00C04F79EFBC}") = "GoldDream", "GoldDream\GoldDream.csproj", "{B93C88C7-0F92-44F8-8282-CB22BE48B0EA}"
EndProject
Project("{FAE04EC0-301F-11D3-BF4B-00C04F79EFBC}") = "MTV", "MTV\MTV.csproj", "{AA9F74EE-C7FE-4F5E-BBEE-C2A5B6FCA7A6}"
EndProject
Project("{FAE04EC0-301F-11D3-BF4B-00C04F79EFBC}") = "BigBB", "BigBB\BigBB.csproj", "{F4CF39A7-D48C-4AC4-B158-A4044E7F6FD2}"
EndProject
Global
	GlobalSection(SolutionConfigurationPlatforms) = preSolution
		Debug|Any CPU = Debug|Any CPU
		Release|Any CPU = Release|Any CPU
	EndGlobalSection
	GlobalSection(ProjectConfigurationPlatforms) = postSolution
		{B93C88C7-0F92-44F8-8282-CB22BE48B0EA}.Debug|Any CPU.ActiveCfg = Debug|Any CPU
		{B93C88C7-0F92-44F8-8282-CB22BE48B0EA}.Debug|Any CPU.Build.0 = Debug|Any CPU
		{B93C88C7-0F92-44F8-8282-CB22BE48B0EA}.Release|Any CPU.ActiveCfg = Release|Any CPU
		{B93C88C7-0F92-44F8-8282-CB22BE48B0EA}.Release|Any CPU.Build.0 = Release|Any CPU
		{AA9F74EE-C7FE-4F5E-BBEE-C2A5B6FCA7A6}.Debug|Any CPU.ActiveCfg = Debug|Any CPU
		{AA9F74EE-C7FE-4F5E-BBEE-C2A5B6FCA7A6}.Debug|Any CPU.Build.0 = Debug|Any CPU
		{AA9F74EE-C7FE-4F5E-BBEE-C2A5B6FCA7A6}.Release|Any CPU.ActiveCfg = Release|Any CPU
		{AA9F74EE-C7FE-4F5E-BBEE-C2A5B6FCA7A6}.Release|Any CPU.Build.0 = Release|Any CPU
		{F4CF39A7-D48C-4AC4-B158-A4044E7F6FD2}.Debug|Any CPU.ActiveCfg = Debug|Any CPU
		{F4CF39A7-D48C-4AC4-B158-A4044E7F6FD2}.Debug|Any CPU.Build.0 = Debug|Any CPU
		{F4CF39A7-D48C-4AC4-B158-A4044E7F6FD2}.Release|Any CPU.ActiveCfg = Release|Any CPU
		{F4CF39A7-D48C-4AC4-B158-A4044E7F6FD2}.Release|Any CPU.Build.0 = Release|Any CPU
	EndGlobalSection
	GlobalSection(SolutionProperties) = preSolution
		HideSolutionNode = FALSE
	EndGlobalSection
	GlobalSection(ExtensibilityGlobals) = postSolution
		SolutionGuid = {2AE42526-46FF-4E3E-A26B-12B6ACCADA76}
	EndGlobalSection
EndGlobal
