
Microsoft Visual Studio Solution File, Format Version 12.00
# Visual Studio Version 16
VisualStudioVersion = 16.0.31321.278
MinimumVisualStudioVersion = 10.0.40219.1
Project("{FAE04EC0-301F-11D3-BF4B-00C04F79EFBC}") = "MTV", "MTV\MTV.csproj", "{AA9F74EE-C7FE-4F5E-BBEE-C2A5B6FCA7A6}"
EndProject
Global
	GlobalSection(SolutionConfigurationPlatforms) = preSolution
		Debug|Any CPU = Debug|Any CPU
		Release|Any CPU = Release|Any CPU
	EndGlobalSection
	GlobalSection(ProjectConfigurationPlatforms) = postSolution
		{AA9F74EE-C7FE-4F5E-BBEE-C2A5B6FCA7A6}.Debug|Any CPU.ActiveCfg = Debug|Any CPU
		{AA9F74EE-C7FE-4F5E-BBEE-C2A5B6FCA7A6}.Debug|Any CPU.Build.0 = Debug|Any CPU
		{AA9F74EE-C7FE-4F5E-BBEE-C2A5B6FCA7A6}.Release|Any CPU.ActiveCfg = Release|Any CPU
		{AA9F74EE-C7FE-4F5E-BBEE-C2A5B6FCA7A6}.Release|Any CPU.Build.0 = Release|Any CPU
	EndGlobalSection
	GlobalSection(SolutionProperties) = preSolution
		HideSolutionNode = FALSE
	EndGlobalSection
	GlobalSection(ExtensibilityGlobals) = postSolution
		SolutionGuid = {F7450A76-AFBA-4BF9-AD2C-24C5F54C6B0D}
	EndGlobalSection
EndGlobal
